// !$*UTF8*$!
{
	archiveVersion = 1;
	classes = {
	};
	objectVersion = 55;
	objects = {

/* Begin PBXBuildFile section */
		7842083427CE32B000271064 /* Box.swift in Sources */ = {isa = PBXBuildFile; fileRef = 7842083327CE32B000271064 /* Box.swift */; };
		78678ADC27CC0929002A2C5A /* AppDelegate.swift in Sources */ = {isa = PBXBuildFile; fileRef = 78678ADB27CC0929002A2C5A /* AppDelegate.swift */; };
		78678ADE27CC0929002A2C5A /* SceneDelegate.swift in Sources */ = {isa = PBXBuildFile; fileRef = 78678ADD27CC0929002A2C5A /* SceneDelegate.swift */; };
		78678AE027CC0929002A2C5A /* MainViewController.swift in Sources */ = {isa = PBXBuildFile; fileRef = 78678ADF27CC0929002A2C5A /* MainViewController.swift */; };
		78678AE327CC0929002A2C5A /* Main.storyboard in Resources */ = {isa = PBXBuildFile; fileRef = 78678AE127CC0929002A2C5A /* Main.storyboard */; };
		78678AE527CC092B002A2C5A /* Assets.xcassets in Resources */ = {isa = PBXBuildFile; fileRef = 78678AE427CC092B002A2C5A /* Assets.xcassets */; };
		78678AE827CC092B002A2C5A /* LaunchScreen.storyboard in Resources */ = {isa = PBXBuildFile; fileRef = 78678AE627CC092B002A2C5A /* LaunchScreen.storyboard */; };
		78678AF227CC0A0F002A2C5A /* MainViewControllerVimeModel.swift in Sources */ = {isa = PBXBuildFile; fileRef = 78678AF127CC0A0F002A2C5A /* MainViewControllerVimeModel.swift */; };
		78678AF627CC1260002A2C5A /* UDManager.swift in Sources */ = {isa = PBXBuildFile; fileRef = 78678AF527CC1260002A2C5A /* UDManager.swift */; };
/* End PBXBuildFile section */

/* Begin PBXFileReference section */
		7842083327CE32B000271064 /* Box.swift */ = {isa = PBXFileReference; lastKnownFileType = sourcecode.swift; path = Box.swift; sourceTree = "<group>"; };
		78678AD827CC0929002A2C5A /* Boxing.app */ = {isa = PBXFileReference; explicitFileType = wrapper.application; includeInIndex = 0; path = Boxing.app; sourceTree = BUILT_PRODUCTS_DIR; };
		78678ADB27CC0929002A2C5A /* AppDelegate.swift */ = {isa = PBXFileReference; lastKnownFileType = sourcecode.swift; path = AppDelegate.swift; sourceTree = "<group>"; };
		78678ADD27CC0929002A2C5A /* SceneDelegate.swift */ = {isa = PBXFileReference; lastKnownFileType = sourcecode.swift; path = SceneDelegate.swift; sourceTree = "<group>"; };
		78678ADF27CC0929002A2C5A /* MainViewController.swift */ = {isa = PBXFileReference; lastKnownFileType = sourcecode.swift; path = MainViewController.swift; sourceTree = "<group>"; };
		78678AE227CC0929002A2C5A /* Base */ = {isa = PBXFileReference; lastKnownFileType = file.storyboard; name = Base; path = Base.lproj/Main.storyboard; sourceTree = "<group>"; };
		78678AE427CC092B002A2C5A /* Assets.xcassets */ = {isa = PBXFileReference; lastKnownFileType = folder.assetcatalog; path = Assets.xcassets; sourceTree = "<group>"; };
		78678AE727CC092B002A2C5A /* Base */ = {isa = PBXFileReference; lastKnownFileType = file.storyboard; name = Base; path = Base.lproj/LaunchScreen.storyboard; sourceTree = "<group>"; };
		78678AE927CC092B002A2C5A /* Info.plist */ = {isa = PBXFileReference; lastKnownFileType = text.plist.xml; path = Info.plist; sourceTree = "<group>"; };
		78678AF127CC0A0F002A2C5A /* MainViewControllerVimeModel.swift */ = {isa = PBXFileReference; lastKnownFileType = sourcecode.swift; path = MainViewControllerVimeModel.swift; sourceTree = "<group>"; };
		78678AF527CC1260002A2C5A /* UDManager.swift */ = {isa = PBXFileReference; fileEncoding = 4; lastKnownFileType = sourcecode.swift; path = UDManager.swift; sourceTree = "<group>"; };
/* End PBXFileReference section */

/* Begin PBXFrameworksBuildPhase section */
		78678AD527CC0929002A2C5A /* Frameworks */ = {
			isa = PBXFrameworksBuildPhase;
			buildActionMask = 2147483647;
			files = (
			);
			runOnlyForDeploymentPostprocessing = 0;
		};
/* End PBXFrameworksBuildPhase section */

/* Begin PBXGroup section */
		7842083227CE32A200271064 /* Helpers */ = {
			isa = PBXGroup;
			children = (
				7842083327CE32B000271064 /* Box.swift */,
			);
			path = Helpers;
			sourceTree = "<group>";
		};
		78678ACF27CC0929002A2C5A = {
			isa = PBXGroup;
			children = (
				78678ADA27CC0929002A2C5A /* Boxing */,
				78678AD927CC0929002A2C5A /* Products */,
			);
			sourceTree = "<group>";
		};
		78678AD927CC0929002A2C5A /* Products */ = {
			isa = PBXGroup;
			children = (
				78678AD827CC0929002A2C5A /* Boxing.app */,
			);
			name = Products;
			sourceTree = "<group>";
		};
		78678ADA27CC0929002A2C5A /* Boxing */ = {
			isa = PBXGroup;
			children = (
				78678AF427CC124C002A2C5A /* Servises */,
				78678AF327CC0A15002A2C5A /* ModelVIewController */,
				7842083227CE32A200271064 /* Helpers */,
				78678AEF27CC09BE002A2C5A /* Storyboards */,
				78678AF027CC09EB002A2C5A /* App */,
				78678AE427CC092B002A2C5A /* Assets.xcassets */,
			);
			path = Boxing;
			sourceTree = "<group>";
		};
		78678AEF27CC09BE002A2C5A /* Storyboards */ = {
			isa = PBXGroup;
			children = (
				78678AE127CC0929002A2C5A /* Main.storyboard */,
				78678AE627CC092B002A2C5A /* LaunchScreen.storyboard */,
			);
			path = Storyboards;
			sourceTree = "<group>";
		};
		78678AF027CC09EB002A2C5A /* App */ = {
			isa = PBXGroup;
			children = (
				78678ADB27CC0929002A2C5A /* AppDelegate.swift */,
				78678ADD27CC0929002A2C5A /* SceneDelegate.swift */,
				78678AE927CC092B002A2C5A /* Info.plist */,
			);
			path = App;
			sourceTree = "<group>";
		};
		78678AF327CC0A15002A2C5A /* ModelVIewController */ = {
			isa = PBXGroup;
			children = (
				78678ADF27CC0929002A2C5A /* MainViewController.swift */,
				78678AF127CC0A0F002A2C5A /* MainViewControllerVimeModel.swift */,
			);
			path = ModelVIewController;
			sourceTree = "<group>";
		};
		78678AF427CC124C002A2C5A /* Servises */ = {
			isa = PBXGroup;
			children = (
				78678AF527CC1260002A2C5A /* UDManager.swift */,
			);
			path = Servises;
			sourceTree = "<group>";
		};
/* End PBXGroup section */

/* Begin PBXNativeTarget section */
		78678AD727CC0929002A2C5A /* Boxing */ = {
			isa = PBXNativeTarget;
			buildConfigurationList = 78678AEC27CC092B002A2C5A /* Build configuration list for PBXNativeTarget "Boxing" */;
			buildPhases = (
				78678AD427CC0929002A2C5A /* Sources */,
				78678AD527CC0929002A2C5A /* Frameworks */,
				78678AD627CC0929002A2C5A /* Resources */,
			);
			buildRules = (
			);
			dependencies = (
			);
			name = Boxing;
			productName = Boxing;
			productReference = 78678AD827CC0929002A2C5A /* Boxing.app */;
			productType = "com.apple.product-type.application";
		};
/* End PBXNativeTarget section */

/* Begin PBXProject section */
		78678AD027CC0929002A2C5A /* Project object */ = {
			isa = PBXProject;
			attributes = {
				BuildIndependentTargetsInParallel = 1;
				LastSwiftUpdateCheck = 1320;
				LastUpgradeCheck = 1320;
				TargetAttributes = {
					78678AD727CC0929002A2C5A = {
						CreatedOnToolsVersion = 13.2.1;
					};
				};
			};
			buildConfigurationList = 78678AD327CC0929002A2C5A /* Build configuration list for PBXProject "Boxing" */;
			compatibilityVersion = "Xcode 13.0";
			developmentRegion = en;
			hasScannedForEncodings = 0;
			knownRegions = (
				en,
				Base,
			);
			mainGroup = 78678ACF27CC0929002A2C5A;
			productRefGroup = 78678AD927CC0929002A2C5A /* Products */;
			projectDirPath = "";
			projectRoot = "";
			targets = (
				78678AD727CC0929002A2C5A /* Boxing */,
			);
		};
/* End PBXProject section */

/* Begin PBXResourcesBuildPhase section */
		78678AD627CC0929002A2C5A /* Resources */ = {
			isa = PBXResourcesBuildPhase;
			buildActionMask = 2147483647;
			files = (
				78678AE827CC092B002A2C5A /* LaunchScreen.storyboard in Resources */,
				78678AE527CC092B002A2C5A /* Assets.xcassets in Resources */,
				78678AE327CC0929002A2C5A /* Main.storyboard in Resources */,
			);
			runOnlyForDeploymentPostprocessing = 0;
		};
/* End PBXResourcesBuildPhase section */

/* Begin PBXSourcesBuildPhase section */
		78678AD427CC0929002A2C5A /* Sources */ = {
			isa = PBXSourcesBuildPhase;
			buildActionMask = 2147483647;
			files = (
				78678AE027CC0929002A2C5A /* MainViewController.swift in Sources */,
				78678ADC27CC0929002A2C5A /* AppDelegate.swift in Sources */,
				78678AF227CC0A0F002A2C5A /* MainViewControllerVimeModel.swift in Sources */,
				7842083427CE32B000271064 /* Box.swift in Sources */,
				78678AF627CC1260002A2C5A /* UDManager.swift in Sources */,
				78678ADE27CC0929002A2C5A /* SceneDelegate.swift in Sources */,
			);
			runOnlyForDeploymentPostprocessing = 0;
		};
/* End PBXSourcesBuildPhase section */

/* Begin PBXVariantGroup section */
		78678AE127CC0929002A2C5A /* Main.storyboard */ = {
			isa = PBXVariantGroup;
			children = (
				78678AE227CC0929002A2C5A /* Base */,
			);
			name = Main.storyboard;
			sourceTree = "<group>";
		};
		78678AE627CC092B002A2C5A /* LaunchScreen.storyboard */ = {
			isa = PBXVariantGroup;
			children = (
				78678AE727CC092B002A2C5A /* Base */,
			);
			name = LaunchScreen.storyboard;
			sourceTree = "<group>";
		};
/* End PBXVariantGroup section */

/* Begin XCBuildConfiguration section */
		78678AEA27CC092B002A2C5A /* Debug */ = {
			isa = XCBuildConfiguration;
			buildSettings = {
				ALWAYS_SEARCH_USER_PATHS = NO;
				CLANG_ANALYZER_NONNULL = YES;
				CLANG_ANALYZER_NUMBER_OBJECT_CONVERSION = YES_AGGRESSIVE;
				CLANG_CXX_LANGUAGE_STANDARD = "gnu++17";
				CLANG_CXX_LIBRARY = "libc++";
				CLANG_ENABLE_MODULES = YES;
				CLANG_ENABLE_OBJC_ARC = YES;
				CLANG_ENABLE_OBJC_WEAK = YES;
				CLANG_WARN_BLOCK_CAPTURE_AUTORELEASING = YES;
				CLANG_WARN_BOOL_CONVERSION = YES;
				CLANG_WARN_COMMA = YES;
				CLANG_WARN_CONSTANT_CONVERSION = YES;
				CLANG_WARN_DEPRECATED_OBJC_IMPLEMENTATIONS = YES;
				CLANG_WARN_DIRECT_OBJC_ISA_USAGE = YES_ERROR;
				CLANG_WARN_DOCUMENTATION_COMMENTS = YES;
				CLANG_WARN_EMPTY_BODY = YES;
				CLANG_WARN_ENUM_CONVERSION = YES;
				CLANG_WARN_INFINITE_RECURSION = YES;
				CLANG_WARN_INT_CONVERSION = YES;
				CLANG_WARN_NON_LITERAL_NULL_CONVERSION = YES;
				CLANG_WARN_OBJC_IMPLICIT_RETAIN_SELF = YES;
				CLANG_WARN_OBJC_LITERAL_CONVERSION = YES;
				CLANG_WARN_OBJC_ROOT_CLASS = YES_ERROR;
				CLANG_WARN_QUOTED_INCLUDE_IN_FRAMEWORK_HEADER = YES;
				CLANG_WARN_RANGE_LOOP_ANALYSIS = YES;
				CLANG_WARN_STRICT_PROTOTYPES = YES;
				CLANG_WARN_SUSPICIOUS_MOVE = YES;
				CLANG_WARN_UNGUARDED_AVAILABILITY = YES_AGGRESSIVE;
				CLANG_WARN_UNREACHABLE_CODE = YES;
				CLANG_WARN__DUPLICATE_METHOD_MATCH = YES;
				COPY_PHASE_STRIP = NO;
				DEBUG_INFORMATION_FORMAT = dwarf;
				ENABLE_STRICT_OBJC_MSGSEND = YES;
				ENABLE_TESTABILITY = YES;
				GCC_C_LANGUAGE_STANDARD = gnu11;
				GCC_DYNAMIC_NO_PIC = NO;
				GCC_NO_COMMON_BLOCKS = YES;
				GCC_OPTIMIZATION_LEVEL = 0;
				GCC_PREPROCESSOR_DEFINITIONS = (
					"DEBUG=1",
					"$(inherited)",
				);
				GCC_WARN_64_TO_32_BIT_CONVERSION = YES;
				GCC_WARN_ABOUT_RETURN_TYPE = YES_ERROR;
				GCC_WARN_UNDECLARED_SELECTOR = YES;
				GCC_WARN_UNINITIALIZED_AUTOS = YES_AGGRESSIVE;
				GCC_WARN_UNUSED_FUNCTION = YES;
				GCC_WARN_UNUSED_VARIABLE = YES;
				IPHONEOS_DEPLOYMENT_TARGET = 15.2;
				MTL_ENABLE_DEBUG_INFO = INCLUDE_SOURCE;
				MTL_FAST_MATH = YES;
				ONLY_ACTIVE_ARCH = YES;
				SDKROOT = iphoneos;
				SWIFT_ACTIVE_COMPILATION_CONDITIONS = DEBUG;
				SWIFT_OPTIMIZATION_LEVEL = "-Onone";
			};
			name = Debug;
		};
		78678AEB27CC092B002A2C5A /* Release */ = {
			isa = XCBuildConfiguration;
			buildSettings = {
				ALWAYS_SEARCH_USER_PATHS = NO;
				CLANG_ANALYZER_NONNULL = YES;
				CLANG_ANALYZER_NUMBER_OBJECT_CONVERSION = YES_AGGRESSIVE;
				CLANG_CXX_LANGUAGE_STANDARD = "gnu++17";
				CLANG_CXX_LIBRARY = "libc++";
				CLANG_ENABLE_MODULES = YES;
				CLANG_ENABLE_OBJC_ARC = YES;
				CLANG_ENABLE_OBJC_WEAK = YES;
				CLANG_WARN_BLOCK_CAPTURE_AUTORELEASING = YES;
				CLANG_WARN_BOOL_CONVERSION = YES;
				CLANG_WARN_COMMA = YES;
				CLANG_WARN_CONSTANT_CONVERSION = YES;
				CLANG_WARN_DEPRECATED_OBJC_IMPLEMENTATIONS = YES;
				CLANG_WARN_DIRECT_OBJC_ISA_USAGE = YES_ERROR;
				CLANG_WARN_DOCUMENTATION_COMMENTS = YES;
				CLANG_WARN_EMPTY_BODY = YES;
				CLANG_WARN_ENUM_CONVERSION = YES;
				CLANG_WARN_INFINITE_RECURSION = YES;
				CLANG_WARN_INT_CONVERSION = YES;
				CLANG_WARN_NON_LITERAL_NULL_CONVERSION = YES;
				CLANG_WARN_OBJC_IMPLICIT_RETAIN_SELF = YES;
				CLANG_WARN_OBJC_LITERAL_CONVERSION = YES;
				CLANG_WARN_OBJC_ROOT_CLASS = YES_ERROR;
				CLANG_WARN_QUOTED_INCLUDE_IN_FRAMEWORK_HEADER = YES;
				CLANG_WARN_RANGE_LOOP_ANALYSIS = YES;
				CLANG_WARN_STRICT_PROTOTYPES = YES;
				CLANG_WARN_SUSPICIOUS_MOVE = YES;
				CLANG_WARN_UNGUARDED_AVAILABILITY = YES_AGGRESSIVE;
				CLANG_WARN_UNREACHABLE_CODE = YES;
				CLANG_WARN__DUPLICATE_METHOD_MATCH = YES;
				COPY_PHASE_STRIP = NO;
				DEBUG_INFORMATION_FORMAT = "dwarf-with-dsym";
				ENABLE_NS_ASSERTIONS = NO;
				ENABLE_STRICT_OBJC_MSGSEND = YES;
				GCC_C_LANGUAGE_STANDARD = gnu11;
				GCC_NO_COMMON_BLOCKS = YES;
				GCC_WARN_64_TO_32_BIT_CONVERSION = YES;
				GCC_WARN_ABOUT_RETURN_TYPE = YES_ERROR;
				GCC_WARN_UNDECLARED_SELECTOR = YES;
				GCC_WARN_UNINITIALIZED_AUTOS = YES_AGGRESSIVE;
				GCC_WARN_UNUSED_FUNCTION = YES;
				GCC_WARN_UNUSED_VARIABLE = YES;
				IPHONEOS_DEPLOYMENT_TARGET = 15.2;
				MTL_ENABLE_DEBUG_INFO = NO;
				MTL_FAST_MATH = YES;
				SDKROOT = iphoneos;
				SWIFT_COMPILATION_MODE = wholemodule;
				SWIFT_OPTIMIZATION_LEVEL = "-O";
				VALIDATE_PRODUCT = YES;
			};
			name = Release;
		};
		78678AED27CC092B002A2C5A /* Debug */ = {
			isa = XCBuildConfiguration;
			buildSettings = {
				ASSETCATALOG_COMPILER_APPICON_NAME = AppIcon;
				ASSETCATALOG_COMPILER_GLOBAL_ACCENT_COLOR_NAME = AccentColor;
				CODE_SIGN_STYLE = Automatic;
				CURRENT_PROJECT_VERSION = 1;
				DEVELOPMENT_TEAM = K5L7239SK4;
				GENERATE_INFOPLIST_FILE = YES;
				INFOPLIST_FILE = Boxing/App/Info.plist;
				INFOPLIST_KEY_UIApplicationSupportsIndirectInputEvents = YES;
				INFOPLIST_KEY_UILaunchStoryboardName = LaunchScreen;
				INFOPLIST_KEY_UIMainStoryboardFile = Main;
				INFOPLIST_KEY_UISupportedInterfaceOrientations_iPad = "UIInterfaceOrientationPortrait UIInterfaceOrientationPortraitUpsideDown UIInterfaceOrientationLandscapeLeft UIInterfaceOrientationLandscapeRight";
				INFOPLIST_KEY_UISupportedInterfaceOrientations_iPhone = "UIInterfaceOrientationPortrait UIInterfaceOrientationLandscapeLeft UIInterfaceOrientationLandscapeRight";
				LD_RUNPATH_SEARCH_PATHS = (
					"$(inherited)",
					"@executable_path/Frameworks",
				);
				MARKETING_VERSION = 1.0;
				PRODUCT_BUNDLE_IDENTIFIER = lexemz.Boxing;
				PRODUCT_NAME = "$(TARGET_NAME)";
				SWIFT_EMIT_LOC_STRINGS = YES;
				SWIFT_VERSION = 5.0;
				TARGETED_DEVICE_FAMILY = "1,2";
			};
			name = Debug;
		};
		78678AEE27CC092B002A2C5A /* Release */ = {
			isa = XCBuildConfiguration;
			buildSettings = {
				ASSETCATALOG_COMPILER_APPICON_NAME = AppIcon;
				ASSETCATALOG_COMPILER_GLOBAL_ACCENT_COLOR_NAME = AccentColor;
				CODE_SIGN_STYLE = Automatic;
				CURRENT_PROJECT_VERSION = 1;
				DEVELOPMENT_TEAM = K5L7239SK4;
				GENERATE_INFOPLIST_FILE = YES;
				INFOPLIST_FILE = Boxing/App/Info.plist;
				INFOPLIST_KEY_UIApplicationSupportsIndirectInputEvents = YES;
				INFOPLIST_KEY_UILaunchStoryboardName = LaunchScreen;
				INFOPLIST_KEY_UIMainStoryboardFile = Main;
				INFOPLIST_KEY_UISupportedInterfaceOrientations_iPad = "UIInterfaceOrientationPortrait UIInterfaceOrientationPortraitUpsideDown UIInterfaceOrientationLandscapeLeft UIInterfaceOrientationLandscapeRight";
				INFOPLIST_KEY_UISupportedInterfaceOrientations_iPhone = "UIInterfaceOrientationPortrait UIInterfaceOrientationLandscapeLeft UIInterfaceOrientationLandscapeRight";
				LD_RUNPATH_SEARCH_PATHS = (
					"$(inherited)",
					"@executable_path/Frameworks",
				);
				MARKETING_VERSION = 1.0;
				PRODUCT_BUNDLE_IDENTIFIER = lexemz.Boxing;
				PRODUCT_NAME = "$(TARGET_NAME)";
				SWIFT_EMIT_LOC_STRINGS = YES;
				SWIFT_VERSION = 5.0;
				TARGETED_DEVICE_FAMILY = "1,2";
			};
			name = Release;
		};
/* End XCBuildConfiguration section */

/* Begin XCConfigurationList section */
		78678AD327CC0929002A2C5A /* Build configuration list for PBXProject "Boxing" */ = {
			isa = XCConfigurationList;
			buildConfigurations = (
				78678AEA27CC092B002A2C5A /* Debug */,
				78678AEB27CC092B002A2C5A /* Release */,
			);
			defaultConfigurationIsVisible = 0;
			defaultConfigurationName = Release;
		};
		78678AEC27CC092B002A2C5A /* Build configuration list for PBXNativeTarget "Boxing" */ = {
			isa = XCConfigurationList;
			buildConfigurations = (
				78678AED27CC092B002A2C5A /* Debug */,
				78678AEE27CC092B002A2C5A /* Release */,
			);
			defaultConfigurationIsVisible = 0;
			defaultConfigurationName = Release;
		};
/* End XCConfigurationList section */
	};
	rootObject = 78678AD027CC0929002A2C5A /* Project object */;
}
